
Microsoft Visual Studio Solution File, Format Version 12.00
# Visual Studio Version 16
VisualStudioVersion = 16.0.29519.87
MinimumVisualStudioVersion = 10.0.40219.1
Project("{9A19103F-16F7-4668-BE54-9A1E7A4F7556}") = "semasio_challenge_2", "semasio_challenge_2.csproj", "{E0D64747-F933-4E6E-9891-C3D5F29638D3}"
EndProject
Project("{E53339B2-1760-4266-BCC7-CA923CBCF16C}") = "docker-compose", "docker-compose.dcproj", "{19EF1FEF-8761-4200-BCE9-19C9F0475E6C}"
EndProject
Global
	GlobalSection(SolutionConfigurationPlatforms) = preSolution
		Debug|Any CPU = Debug|Any CPU
		Release|Any CPU = Release|Any CPU
	EndGlobalSection
	GlobalSection(ProjectConfigurationPlatforms) = postSolution
		{E0D64747-F933-4E6E-9891-C3D5F29638D3}.Debug|Any CPU.ActiveCfg = Debug|Any CPU
		{E0D64747-F933-4E6E-9891-C3D5F29638D3}.Debug|Any CPU.Build.0 = Debug|Any CPU
		{E0D64747-F933-4E6E-9891-C3D5F29638D3}.Release|Any CPU.ActiveCfg = Release|Any CPU
		{E0D64747-F933-4E6E-9891-C3D5F29638D3}.Release|Any CPU.Build.0 = Release|Any CPU
		{19EF1FEF-8761-4200-BCE9-19C9F0475E6C}.Debug|Any CPU.ActiveCfg = Debug|Any CPU
		{19EF1FEF-8761-4200-BCE9-19C9F0475E6C}.Debug|Any CPU.Build.0 = Debug|Any CPU
		{19EF1FEF-8761-4200-BCE9-19C9F0475E6C}.Release|Any CPU.ActiveCfg = Release|Any CPU
		{19EF1FEF-8761-4200-BCE9-19C9F0475E6C}.Release|Any CPU.Build.0 = Release|Any CPU
	EndGlobalSection
	GlobalSection(SolutionProperties) = preSolution
		HideSolutionNode = FALSE
	EndGlobalSection
	GlobalSection(ExtensibilityGlobals) = postSolution
		SolutionGuid = {D5792921-F959-4903-8012-CE3868301353}
	EndGlobalSection
EndGlobal
